Microsoft Visual Studio Solution File, Format Version 12.00
# Visual Studio Version 17
VisualStudioVersion = 17.5.2.0
MinimumVisualStudioVersion = 10.0.40219.1
Project("{FAE04EC0-301F-11D3-BF4B-00C04F79EFBC}") = "WorkTimePro.Api", "WorkTimePro.Api.csproj", "{320A9B55-CDCD-79FA-82EE-76985BB72F5A}"
EndProject
Global
	GlobalSection(SolutionConfigurationPlatforms) = preSolution
		Debug|Any CPU = Debug|Any CPU
		Release|Any CPU = Release|Any CPU
	EndGlobalSection
	GlobalSection(ProjectConfigurationPlatforms) = postSolution
		{320A9B55-CDCD-79FA-82EE-76985BB72F5A}.Debug|Any CPU.ActiveCfg = Debug|Any CPU
		{320A9B55-CDCD-79FA-82EE-76985BB72F5A}.Debug|Any CPU.Build.0 = Debug|Any CPU
		{320A9B55-CDCD-79FA-82EE-76985BB72F5A}.Release|Any CPU.ActiveCfg = Release|Any CPU
		{320A9B55-CDCD-79FA-82EE-76985BB72F5A}.Release|Any CPU.Build.0 = Release|Any CPU
	EndGlobalSection
	GlobalSection(SolutionProperties) = preSolution
		HideSolutionNode = FALSE
	EndGlobalSection
	GlobalSection(ExtensibilityGlobals) = postSolution
		SolutionGuid = {9C25DD08-7A98-49E4-B276-B806DCA0FF66}
	EndGlobalSection
EndGlobal
